{
  "name": "signlogin",
  "version": "1.0.0",
  "lockfileVersion": 3,
  "requires": true,
  "description": "User signup and login application",
  "license": "MIT",
  "main": "src/index.js",
  "packages": {},
  "engines": {
    "node": ">=18.0.0",
    "yarn": ">=1.22.0"
  },
  "scripts": {
    "dev": "nodemon src/index.js",
    "start": "node src/index.js"
  }
}
